// !$*UTF8*$!
{
	archiveVersion = 1;
	classes = {
	};
	objectVersion = 46;
	objects = {

/* Begin PBXBuildFile section */
		8BDC35571CFAE365007225C9 /* main.m in Sources */ = {isa = PBXBuildFile; fileRef = 8BDC35561CFAE365007225C9 /* main.m */; };
		8BDC355A1CFAE365007225C9 /* AppDelegate.m in Sources */ = {isa = PBXBuildFile; fileRef = 8BDC35591CFAE365007225C9 /* AppDelegate.m */; };
		8BDC35601CFAE365007225C9 /* Main.storyboard in Resources */ = {isa = PBXBuildFile; fileRef = 8BDC355E1CFAE365007225C9 /* Main.storyboard */; };
		8BDC35621CFAE365007225C9 /* Assets.xcassets in Resources */ = {isa = PBXBuildFile; fileRef = 8BDC35611CFAE365007225C9 /* Assets.xcassets */; };
		8BDC35651CFAE365007225C9 /* LaunchScreen.storyboard in Resources */ = {isa = PBXBuildFile; fileRef = 8BDC35631CFAE365007225C9 /* LaunchScreen.storyboard */; };
		8BDC35701CFAE365007225C9 /* SafeNavigationBarDemoTests.m in Sources */ = {isa = PBXBuildFile; fileRef = 8BDC356F1CFAE365007225C9 /* SafeNavigationBarDemoTests.m */; };
		8BDC357B1CFAE365007225C9 /* SafeNavigationBarDemoUITests.m in Sources */ = {isa = PBXBuildFile; fileRef = 8BDC357A1CFAE365007225C9 /* SafeNavigationBarDemoUITests.m */; };
		8BDC358E1CFAE716007225C9 /* MyNavigationController.m in Sources */ = {isa = PBXBuildFile; fileRef = 8BDC358A1CFAE716007225C9 /* MyNavigationController.m */; };
		8BDC35931CFAEA8E007225C9 /* UINavigationController+SafeNavigationBar.m in Sources */ = {isa = PBXBuildFile; fileRef = 8BDC35921CFAEA8E007225C9 /* UINavigationController+SafeNavigationBar.m */; };
		8BDC35991CFB03F3007225C9 /* HomeViewController.m in Sources */ = {isa = PBXBuildFile; fileRef = 8BDC35981CFB03F3007225C9 /* HomeViewController.m */; };
		8BDC359C1CFB0413007225C9 /* OneViewControllerWithoutNaviBar.m in Sources */ = {isa = PBXBuildFile; fileRef = 8BDC359B1CFB0413007225C9 /* OneViewControllerWithoutNaviBar.m */; };
		8BDC359F1CFB0425007225C9 /* TwoViewControllerWithoutNaviBar.m in Sources */ = {isa = PBXBuildFile; fileRef = 8BDC359E1CFB0425007225C9 /* TwoViewControllerWithoutNaviBar.m */; };
		8BDC35A21CFB0432007225C9 /* OneViewControllerWithNaviBar.m in Sources */ = {isa = PBXBuildFile; fileRef = 8BDC35A11CFB0432007225C9 /* OneViewControllerWithNaviBar.m */; };
		8BDC35A51CFB043F007225C9 /* TwoViewControllerWithNaviBar.m in Sources */ = {isa = PBXBuildFile; fileRef = 8BDC35A41CFB043F007225C9 /* TwoViewControllerWithNaviBar.m */; };
		8BDC35A81CFB377C007225C9 /* NoGestureTransitionViewController.m in Sources */ = {isa = PBXBuildFile; fileRef = 8BDC35A71CFB377C007225C9 /* NoGestureTransitionViewController.m */; };
		8BDC35AB1CFB3831007225C9 /* HideBackButtonViewController.m in Sources */ = {isa = PBXBuildFile; fileRef = 8BDC35AA1CFB3831007225C9 /* HideBackButtonViewController.m */; };
/* End PBXBuildFile section */

/* Begin PBXContainerItemProxy section */
		8BDC356C1CFAE365007225C9 /* PBXContainerItemProxy */ = {
			isa = PBXContainerItemProxy;
			containerPortal = 8BDC354A1CFAE365007225C9 /* Project object */;
			proxyType = 1;
			remoteGlobalIDString = 8BDC35511CFAE365007225C9;
			remoteInfo = SafeNavigationBarDemo;
		};
		8BDC35771CFAE365007225C9 /* PBXContainerItemProxy */ = {
			isa = PBXContainerItemProxy;
			containerPortal = 8BDC354A1CFAE365007225C9 /* Project object */;
			proxyType = 1;
			remoteGlobalIDString = 8BDC35511CFAE365007225C9;
			remoteInfo = SafeNavigationBarDemo;
		};
/* End PBXContainerItemProxy section */

/* Begin PBXFileReference section */
		8BDC35521CFAE365007225C9 /* SafeNavigationBarDemo.app */ = {isa = PBXFileReference; explicitFileType = wrapper.application; includeInIndex = 0; path = SafeNavigationBarDemo.app; sourceTree = BUILT_PRODUCTS_DIR; };
		8BDC35561CFAE365007225C9 /* main.m */ = {isa = PBXFileReference; lastKnownFileType = sourcecode.c.objc; path = main.m; sourceTree = "<group>"; };
		8BDC35581CFAE365007225C9 /* AppDelegate.h */ = {isa = PBXFileReference; lastKnownFileType = sourcecode.c.h; path = AppDelegate.h; sourceTree = "<group>"; };
		8BDC35591CFAE365007225C9 /* AppDelegate.m */ = {isa = PBXFileReference; lastKnownFileType = sourcecode.c.objc; path = AppDelegate.m; sourceTree = "<group>"; };
		8BDC355F1CFAE365007225C9 /* Base */ = {isa = PBXFileReference; lastKnownFileType = file.storyboard; name = Base; path = Base.lproj/Main.storyboard; sourceTree = "<group>"; };
		8BDC35611CFAE365007225C9 /* Assets.xcassets */ = {isa = PBXFileReference; lastKnownFileType = folder.assetcatalog; path = Assets.xcassets; sourceTree = "<group>"; };
		8BDC35641CFAE365007225C9 /* Base */ = {isa = PBXFileReference; lastKnownFileType = file.storyboard; name = Base; path = Base.lproj/LaunchScreen.storyboard; sourceTree = "<group>"; };
		8BDC35661CFAE365007225C9 /* Info.plist */ = {isa = PBXFileReference; lastKnownFileType = text.plist.xml; path = Info.plist; sourceTree = "<group>"; };
		8BDC356B1CFAE365007225C9 /* SafeNavigationBarDemoTests.xctest */ = {isa = PBXFileReference; explicitFileType = wrapper.cfbundle; includeInIndex = 0; path = SafeNavigationBarDemoTests.xctest; sourceTree = BUILT_PRODUCTS_DIR; };
		8BDC356F1CFAE365007225C9 /* SafeNavigationBarDemoTests.m */ = {isa = PBXFileReference; lastKnownFileType = sourcecode.c.objc; path = SafeNavigationBarDemoTests.m; sourceTree = "<group>"; };
		8BDC35711CFAE365007225C9 /* Info.plist */ = {isa = PBXFileReference; lastKnownFileType = text.plist.xml; path = Info.plist; sourceTree = "<group>"; };
		8BDC35761CFAE365007225C9 /* SafeNavigationBarDemoUITests.xctest */ = {isa = PBXFileReference; explicitFileType = wrapper.cfbundle; includeInIndex = 0; path = SafeNavigationBarDemoUITests.xctest; sourceTree = BUILT_PRODUCTS_DIR; };
		8BDC357A1CFAE365007225C9 /* SafeNavigationBarDemoUITests.m */ = {isa = PBXFileReference; lastKnownFileType = sourcecode.c.objc; path = SafeNavigationBarDemoUITests.m; sourceTree = "<group>"; };
		8BDC357C1CFAE365007225C9 /* Info.plist */ = {isa = PBXFileReference; lastKnownFileType = text.plist.xml; path = Info.plist; sourceTree = "<group>"; };
		8BDC35891CFAE716007225C9 /* MyNavigationController.h */ = {isa = PBXFileReference; fileEncoding = 4; lastKnownFileType = sourcecode.c.h; name = MyNavigationController.h; path = ../../SafeNavigationBar/MyNavigationController.h; sourceTree = "<group>"; };
		8BDC358A1CFAE716007225C9 /* MyNavigationController.m */ = {isa = PBXFileReference; fileEncoding = 4; lastKnownFileType = sourcecode.c.objc; name = MyNavigationController.m; path = ../../SafeNavigationBar/MyNavigationController.m; sourceTree = "<group>"; };
		8BDC35911CFAEA8E007225C9 /* UINavigationController+SafeNavigationBar.h */ = {isa = PBXFileReference; fileEncoding = 4; lastKnownFileType = sourcecode.c.h; path = "UINavigationController+SafeNavigationBar.h"; sourceTree = "<group>"; };
		8BDC35921CFAEA8E007225C9 /* UINavigationController+SafeNavigationBar.m */ = {isa = PBXFileReference; fileEncoding = 4; lastKnownFileType = sourcecode.c.objc; path = "UINavigationController+SafeNavigationBar.m"; sourceTree = "<group>"; };
		8BDC35971CFB03F3007225C9 /* HomeViewController.h */ = {isa = PBXFileReference; fileEncoding = 4; lastKnownFileType = sourcecode.c.h; path = HomeViewController.h; sourceTree = "<group>"; };
		8BDC35981CFB03F3007225C9 /* HomeViewController.m */ = {isa = PBXFileReference; fileEncoding = 4; lastKnownFileType = sourcecode.c.objc; path = HomeViewController.m; sourceTree = "<group>"; };
		8BDC359A1CFB0413007225C9 /* OneViewControllerWithoutNaviBar.h */ = {isa = PBXFileReference; fileEncoding = 4; lastKnownFileType = sourcecode.c.h; path = OneViewControllerWithoutNaviBar.h; sourceTree = "<group>"; };
		8BDC359B1CFB0413007225C9 /* OneViewControllerWithoutNaviBar.m */ = {isa = PBXFileReference; fileEncoding = 4; lastKnownFileType = sourcecode.c.objc; path = OneViewControllerWithoutNaviBar.m; sourceTree = "<group>"; };
		8BDC359D1CFB0425007225C9 /* TwoViewControllerWithoutNaviBar.h */ = {isa = PBXFileReference; fileEncoding = 4; lastKnownFileType = sourcecode.c.h; path = TwoViewControllerWithoutNaviBar.h; sourceTree = "<group>"; };
		8BDC359E1CFB0425007225C9 /* TwoViewControllerWithoutNaviBar.m */ = {isa = PBXFileReference; fileEncoding = 4; lastKnownFileType = sourcecode.c.objc; path = TwoViewControllerWithoutNaviBar.m; sourceTree = "<group>"; };
		8BDC35A01CFB0432007225C9 /* OneViewControllerWithNaviBar.h */ = {isa = PBXFileReference; fileEncoding = 4; lastKnownFileType = sourcecode.c.h; path = OneViewControllerWithNaviBar.h; sourceTree = "<group>"; };
		8BDC35A11CFB0432007225C9 /* OneViewControllerWithNaviBar.m */ = {isa = PBXFileReference; fileEncoding = 4; lastKnownFileType = sourcecode.c.objc; path = OneViewControllerWithNaviBar.m; sourceTree = "<group>"; };
		8BDC35A31CFB043F007225C9 /* TwoViewControllerWithNaviBar.h */ = {isa = PBXFileReference; fileEncoding = 4; lastKnownFileType = sourcecode.c.h; path = TwoViewControllerWithNaviBar.h; sourceTree = "<group>"; };
		8BDC35A41CFB043F007225C9 /* TwoViewControllerWithNaviBar.m */ = {isa = PBXFileReference; fileEncoding = 4; lastKnownFileType = sourcecode.c.objc; path = TwoViewControllerWithNaviBar.m; sourceTree = "<group>"; };
		8BDC35A61CFB377C007225C9 /* NoGestureTransitionViewController.h */ = {isa = PBXFileReference; fileEncoding = 4; lastKnownFileType = sourcecode.c.h; path = NoGestureTransitionViewController.h; sourceTree = "<group>"; };
		8BDC35A71CFB377C007225C9 /* NoGestureTransitionViewController.m */ = {isa = PBXFileReference; fileEncoding = 4; lastKnownFileType = sourcecode.c.objc; path = NoGestureTransitionViewController.m; sourceTree = "<group>"; };
		8BDC35A91CFB3831007225C9 /* HideBackButtonViewController.h */ = {isa = PBXFileReference; fileEncoding = 4; lastKnownFileType = sourcecode.c.h; path = HideBackButtonViewController.h; sourceTree = "<group>"; };
		8BDC35AA1CFB3831007225C9 /* HideBackButtonViewController.m */ = {isa = PBXFileReference; fileEncoding = 4; lastKnownFileType = sourcecode.c.objc; path = HideBackButtonViewController.m; sourceTree = "<group>"; };
/* End PBXFileReference section */

/* Begin PBXFrameworksBuildPhase section */
		8BDC354F1CFAE365007225C9 /* Frameworks */ = {
			isa = PBXFrameworksBuildPhase;
			buildActionMask = 2147483647;
			files = (
			);
			runOnlyForDeploymentPostprocessing = 0;
		};
		8BDC35681CFAE365007225C9 /* Frameworks */ = {
			isa = PBXFrameworksBuildPhase;
			buildActionMask = 2147483647;
			files = (
			);
			runOnlyForDeploymentPostprocessing = 0;
		};
		8BDC35731CFAE365007225C9 /* Frameworks */ = {
			isa = PBXFrameworksBuildPhase;
			buildActionMask = 2147483647;
			files = (
			);
			runOnlyForDeploymentPostprocessing = 0;
		};
/* End PBXFrameworksBuildPhase section */

/* Begin PBXGroup section */
		8BDC35491CFAE365007225C9 = {
			isa = PBXGroup;
			children = (
				8BDC35541CFAE365007225C9 /* SafeNavigationBarDemo */,
				8BDC356E1CFAE365007225C9 /* SafeNavigationBarDemoTests */,
				8BDC35791CFAE365007225C9 /* SafeNavigationBarDemoUITests */,
				8BDC35531CFAE365007225C9 /* Products */,
			);
			sourceTree = "<group>";
		};
		8BDC35531CFAE365007225C9 /* Products */ = {
			isa = PBXGroup;
			children = (
				8BDC35521CFAE365007225C9 /* SafeNavigationBarDemo.app */,
				8BDC356B1CFAE365007225C9 /* SafeNavigationBarDemoTests.xctest */,
				8BDC35761CFAE365007225C9 /* SafeNavigationBarDemoUITests.xctest */,
			);
			name = Products;
			sourceTree = "<group>";
		};
		8BDC35541CFAE365007225C9 /* SafeNavigationBarDemo */ = {
			isa = PBXGroup;
			children = (
				8BDC35881CFAE716007225C9 /* SafeNavigationBar */,
				8BDC35581CFAE365007225C9 /* AppDelegate.h */,
				8BDC35591CFAE365007225C9 /* AppDelegate.m */,
				8BDC35891CFAE716007225C9 /* MyNavigationController.h */,
				8BDC358A1CFAE716007225C9 /* MyNavigationController.m */,
				8BDC35971CFB03F3007225C9 /* HomeViewController.h */,
				8BDC35981CFB03F3007225C9 /* HomeViewController.m */,
				8BDC359A1CFB0413007225C9 /* OneViewControllerWithoutNaviBar.h */,
				8BDC359B1CFB0413007225C9 /* OneViewControllerWithoutNaviBar.m */,
				8BDC359D1CFB0425007225C9 /* TwoViewControllerWithoutNaviBar.h */,
				8BDC359E1CFB0425007225C9 /* TwoViewControllerWithoutNaviBar.m */,
				8BDC35A01CFB0432007225C9 /* OneViewControllerWithNaviBar.h */,
				8BDC35A11CFB0432007225C9 /* OneViewControllerWithNaviBar.m */,
				8BDC35A31CFB043F007225C9 /* TwoViewControllerWithNaviBar.h */,
				8BDC35A41CFB043F007225C9 /* TwoViewControllerWithNaviBar.m */,
				8BDC35A61CFB377C007225C9 /* NoGestureTransitionViewController.h */,
				8BDC35A71CFB377C007225C9 /* NoGestureTransitionViewController.m */,
				8BDC35A91CFB3831007225C9 /* HideBackButtonViewController.h */,
				8BDC35AA1CFB3831007225C9 /* HideBackButtonViewController.m */,
				8BDC355E1CFAE365007225C9 /* Main.storyboard */,
				8BDC35611CFAE365007225C9 /* Assets.xcassets */,
				8BDC35631CFAE365007225C9 /* LaunchScreen.storyboard */,
				8BDC35661CFAE365007225C9 /* Info.plist */,
				8BDC35551CFAE365007225C9 /* Supporting Files */,
			);
			path = SafeNavigationBarDemo;
			sourceTree = "<group>";
		};
		8BDC35551CFAE365007225C9 /* Supporting Files */ = {
			isa = PBXGroup;
			children = (
				8BDC35561CFAE365007225C9 /* main.m */,
			);
			name = "Supporting Files";
			sourceTree = "<group>";
		};
		8BDC356E1CFAE365007225C9 /* SafeNavigationBarDemoTests */ = {
			isa = PBXGroup;
			children = (
				8BDC356F1CFAE365007225C9 /* SafeNavigationBarDemoTests.m */,
				8BDC35711CFAE365007225C9 /* Info.plist */,
			);
			path = SafeNavigationBarDemoTests;
			sourceTree = "<group>";
		};
		8BDC35791CFAE365007225C9 /* SafeNavigationBarDemoUITests */ = {
			isa = PBXGroup;
			children = (
				8BDC357A1CFAE365007225C9 /* SafeNavigationBarDemoUITests.m */,
				8BDC357C1CFAE365007225C9 /* Info.plist */,
			);
			path = SafeNavigationBarDemoUITests;
			sourceTree = "<group>";
		};
		8BDC35881CFAE716007225C9 /* SafeNavigationBar */ = {
			isa = PBXGroup;
			children = (
				8BDC35911CFAEA8E007225C9 /* UINavigationController+SafeNavigationBar.h */,
				8BDC35921CFAEA8E007225C9 /* UINavigationController+SafeNavigationBar.m */,
			);
			name = SafeNavigationBar;
			path = ../../SafeNavigationBar;
			sourceTree = "<group>";
		};
/* End PBXGroup section */

/* Begin PBXNativeTarget section */
		8BDC35511CFAE365007225C9 /* SafeNavigationBarDemo */ = {
			isa = PBXNativeTarget;
			buildConfigurationList = 8BDC357F1CFAE365007225C9 /* Build configuration list for PBXNativeTarget "SafeNavigationBarDemo" */;
			buildPhases = (
				8BDC354E1CFAE365007225C9 /* Sources */,
				8BDC354F1CFAE365007225C9 /* Frameworks */,
				8BDC35501CFAE365007225C9 /* Resources */,
			);
			buildRules = (
			);
			dependencies = (
			);
			name = SafeNavigationBarDemo;
			productName = SafeNavigationBarDemo;
			productReference = 8BDC35521CFAE365007225C9 /* SafeNavigationBarDemo.app */;
			productType = "com.apple.product-type.application";
		};
		8BDC356A1CFAE365007225C9 /* SafeNavigationBarDemoTests */ = {
			isa = PBXNativeTarget;
			buildConfigurationList = 8BDC35821CFAE365007225C9 /* Build configuration list for PBXNativeTarget "SafeNavigationBarDemoTests" */;
			buildPhases = (
				8BDC35671CFAE365007225C9 /* Sources */,
				8BDC35681CFAE365007225C9 /* Frameworks */,
				8BDC35691CFAE365007225C9 /* Resources */,
			);
			buildRules = (
			);
			dependencies = (
				8BDC356D1CFAE365007225C9 /* PBXTargetDependency */,
			);
			name = SafeNavigationBarDemoTests;
			productName = SafeNavigationBarDemoTests;
			productReference = 8BDC356B1CFAE365007225C9 /* SafeNavigationBarDemoTests.xctest */;
			productType = "com.apple.product-type.bundle.unit-test";
		};
		8BDC35751CFAE365007225C9 /* SafeNavigationBarDemoUITests */ = {
			isa = PBXNativeTarget;
			buildConfigurationList = 8BDC35851CFAE365007225C9 /* Build configuration list for PBXNativeTarget "SafeNavigationBarDemoUITests" */;
			buildPhases = (
				8BDC35721CFAE365007225C9 /* Sources */,
				8BDC35731CFAE365007225C9 /* Frameworks */,
				8BDC35741CFAE365007225C9 /* Resources */,
			);
			buildRules = (
			);
			dependencies = (
				8BDC35781CFAE365007225C9 /* PBXTargetDependency */,
			);
			name = SafeNavigationBarDemoUITests;
			productName = SafeNavigationBarDemoUITests;
			productReference = 8BDC35761CFAE365007225C9 /* SafeNavigationBarDemoUITests.xctest */;
			productType = "com.apple.product-type.bundle.ui-testing";
		};
/* End PBXNativeTarget section */

/* Begin PBXProject section */
		8BDC354A1CFAE365007225C9 /* Project object */ = {
			isa = PBXProject;
			attributes = {
				LastUpgradeCheck = 0720;
				ORGANIZATIONNAME = c344081;
				TargetAttributes = {
					8BDC35511CFAE365007225C9 = {
						CreatedOnToolsVersion = 7.2;
						DevelopmentTeam = M9E2M4YJUQ;
					};
					8BDC356A1CFAE365007225C9 = {
						CreatedOnToolsVersion = 7.2;
						DevelopmentTeam = M9E2M4YJUQ;
						TestTargetID = 8BDC35511CFAE365007225C9;
					};
					8BDC35751CFAE365007225C9 = {
						CreatedOnToolsVersion = 7.2;
						DevelopmentTeam = M9E2M4YJUQ;
						TestTargetID = 8BDC35511CFAE365007225C9;
					};
				};
			};
			buildConfigurationList = 8BDC354D1CFAE365007225C9 /* Build configuration list for PBXProject "SafeNavigationBarDemo" */;
			compatibilityVersion = "Xcode 3.2";
			developmentRegion = English;
			hasScannedForEncodings = 0;
			knownRegions = (
				en,
				Base,
			);
			mainGroup = 8BDC35491CFAE365007225C9;
			productRefGroup = 8BDC35531CFAE365007225C9 /* Products */;
			projectDirPath = "";
			projectRoot = "";
			targets = (
				8BDC35511CFAE365007225C9 /* SafeNavigationBarDemo */,
				8BDC356A1CFAE365007225C9 /* SafeNavigationBarDemoTests */,
				8BDC35751CFAE365007225C9 /* SafeNavigationBarDemoUITests */,
			);
		};
/* End PBXProject section */

/* Begin PBXResourcesBuildPhase section */
		8BDC35501CFAE365007225C9 /* Resources */ = {
			isa = PBXResourcesBuildPhase;
			buildActionMask = 2147483647;
			files = (
				8BDC35651CFAE365007225C9 /* LaunchScreen.storyboard in Resources */,
				8BDC35621CFAE365007225C9 /* Assets.xcassets in Resources */,
				8BDC35601CFAE365007225C9 /* Main.storyboard in Resources */,
			);
			runOnlyForDeploymentPostprocessing = 0;
		};
		8BDC35691CFAE365007225C9 /* Resources */ = {
			isa = PBXResourcesBuildPhase;
			buildActionMask = 2147483647;
			files = (
			);
			runOnlyForDeploymentPostprocessing = 0;
		};
		8BDC35741CFAE365007225C9 /* Resources */ = {
			isa = PBXResourcesBuildPhase;
			buildActionMask = 2147483647;
			files = (
			);
			runOnlyForDeploymentPostprocessing = 0;
		};
/* End PBXResourcesBuildPhase section */

/* Begin PBXSourcesBuildPhase section */
		8BDC354E1CFAE365007225C9 /* Sources */ = {
			isa = PBXSourcesBuildPhase;
			buildActionMask = 2147483647;
			files = (
				8BDC358E1CFAE716007225C9 /* MyNavigationController.m in Sources */,
				8BDC35A21CFB0432007225C9 /* OneViewControllerWithNaviBar.m in Sources */,
				8BDC35A51CFB043F007225C9 /* TwoViewControllerWithNaviBar.m in Sources */,
				8BDC355A1CFAE365007225C9 /* AppDelegate.m in Sources */,
				8BDC35AB1CFB3831007225C9 /* HideBackButtonViewController.m in Sources */,
				8BDC35571CFAE365007225C9 /* main.m in Sources */,
				8BDC359F1CFB0425007225C9 /* TwoViewControllerWithoutNaviBar.m in Sources */,
				8BDC35931CFAEA8E007225C9 /* UINavigationController+SafeNavigationBar.m in Sources */,
				8BDC359C1CFB0413007225C9 /* OneViewControllerWithoutNaviBar.m in Sources */,
				8BDC35A81CFB377C007225C9 /* NoGestureTransitionViewController.m in Sources */,
				8BDC35991CFB03F3007225C9 /* HomeViewController.m in Sources */,
			);
			runOnlyForDeploymentPostprocessing = 0;
		};
		8BDC35671CFAE365007225C9 /* Sources */ = {
			isa = PBXSourcesBuildPhase;
			buildActionMask = 2147483647;
			files = (
				8BDC35701CFAE365007225C9 /* SafeNavigationBarDemoTests.m in Sources */,
			);
			runOnlyForDeploymentPostprocessing = 0;
		};
		8BDC35721CFAE365007225C9 /* Sources */ = {
			isa = PBXSourcesBuildPhase;
			buildActionMask = 2147483647;
			files = (
				8BDC357B1CFAE365007225C9 /* SafeNavigationBarDemoUITests.m in Sources */,
			);
			runOnlyForDeploymentPostprocessing = 0;
		};
/* End PBXSourcesBuildPhase section */

/* Begin PBXTargetDependency section */
		8BDC356D1CFAE365007225C9 /* PBXTargetDependency */ = {
			isa = PBXTargetDependency;
			target = 8BDC35511CFAE365007225C9 /* SafeNavigationBarDemo */;
			targetProxy = 8BDC356C1CFAE365007225C9 /* PBXContainerItemProxy */;
		};
		8BDC35781CFAE365007225C9 /* PBXTargetDependency */ = {
			isa = PBXTargetDependency;
			target = 8BDC35511CFAE365007225C9 /* SafeNavigationBarDemo */;
			targetProxy = 8BDC35771CFAE365007225C9 /* PBXContainerItemProxy */;
		};
/* End PBXTargetDependency section */

/* Begin PBXVariantGroup section */
		8BDC355E1CFAE365007225C9 /* Main.storyboard */ = {
			isa = PBXVariantGroup;
			children = (
				8BDC355F1CFAE365007225C9 /* Base */,
			);
			name = Main.storyboard;
			sourceTree = "<group>";
		};
		8BDC35631CFAE365007225C9 /* LaunchScreen.storyboard */ = {
			isa = PBXVariantGroup;
			children = (
				8BDC35641CFAE365007225C9 /* Base */,
			);
			name = LaunchScreen.storyboard;
			sourceTree = "<group>";
		};
/* End PBXVariantGroup section */

/* Begin XCBuildConfiguration section */
		8BDC357D1CFAE365007225C9 /* Debug */ = {
			isa = XCBuildConfiguration;
			buildSettings = {
				ALWAYS_SEARCH_USER_PATHS = NO;
				CLANG_CXX_LANGUAGE_STANDARD = "gnu++0x";
				CLANG_CXX_LIBRARY = "libc++";
				CLANG_ENABLE_MODULES = YES;
				CLANG_ENABLE_OBJC_ARC = YES;
				CLANG_WARN_BOOL_CONVERSION = YES;
				CLANG_WARN_CONSTANT_CONVERSION = YES;
				CLANG_WARN_DIRECT_OBJC_ISA_USAGE = YES_ERROR;
				CLANG_WARN_EMPTY_BODY = YES;
				CLANG_WARN_ENUM_CONVERSION = YES;
				CLANG_WARN_INT_CONVERSION = YES;
				CLANG_WARN_OBJC_ROOT_CLASS = YES_ERROR;
				CLANG_WARN_UNREACHABLE_CODE = YES;
				CLANG_WARN__DUPLICATE_METHOD_MATCH = YES;
				"CODE_SIGN_IDENTITY[sdk=iphoneos*]" = "iPhone Developer";
				COPY_PHASE_STRIP = NO;
				DEBUG_INFORMATION_FORMAT = dwarf;
				ENABLE_STRICT_OBJC_MSGSEND = YES;
				ENABLE_TESTABILITY = YES;
				GCC_C_LANGUAGE_STANDARD = gnu99;
				GCC_DYNAMIC_NO_PIC = NO;
				GCC_NO_COMMON_BLOCKS = YES;
				GCC_OPTIMIZATION_LEVEL = 0;
				GCC_PREPROCESSOR_DEFINITIONS = (
					"DEBUG=1",
					"$(inherited)",
				);
				GCC_WARN_64_TO_32_BIT_CONVERSION = YES;
				GCC_WARN_ABOUT_RETURN_TYPE = YES_ERROR;
				GCC_WARN_UNDECLARED_SELECTOR = YES;
				GCC_WARN_UNINITIALIZED_AUTOS = YES_AGGRESSIVE;
				GCC_WARN_UNUSED_FUNCTION = YES;
				GCC_WARN_UNUSED_VARIABLE = YES;
				IPHONEOS_DEPLOYMENT_TARGET = 9.2;
				MTL_ENABLE_DEBUG_INFO = YES;
				ONLY_ACTIVE_ARCH = YES;
				SDKROOT = iphoneos;
				TARGETED_DEVICE_FAMILY = "1,2";
			};
			name = Debug;
		};
		8BDC357E1CFAE365007225C9 /* Release */ = {
			isa = XCBuildConfiguration;
			buildSettings = {
				ALWAYS_SEARCH_USER_PATHS = NO;
				CLANG_CXX_LANGUAGE_STANDARD = "gnu++0x";
				CLANG_CXX_LIBRARY = "libc++";
				CLANG_ENABLE_MODULES = YES;
				CLANG_ENABLE_OBJC_ARC = YES;
				CLANG_WARN_BOOL_CONVERSION = YES;
				CLANG_WARN_CONSTANT_CONVERSION = YES;
				CLANG_WARN_DIRECT_OBJC_ISA_USAGE = YES_ERROR;
				CLANG_WARN_EMPTY_BODY = YES;
				CLANG_WARN_ENUM_CONVERSION = YES;
				CLANG_WARN_INT_CONVERSION = YES;
				CLANG_WARN_OBJC_ROOT_CLASS = YES_ERROR;
				CLANG_WARN_UNREACHABLE_CODE = YES;
				CLANG_WARN__DUPLICATE_METHOD_MATCH = YES;
				"CODE_SIGN_IDENTITY[sdk=iphoneos*]" = "iPhone Developer";
				COPY_PHASE_STRIP = NO;
				DEBUG_INFORMATION_FORMAT = "dwarf-with-dsym";
				ENABLE_NS_ASSERTIONS = NO;
				ENABLE_STRICT_OBJC_MSGSEND = YES;
				GCC_C_LANGUAGE_STANDARD = gnu99;
				GCC_NO_COMMON_BLOCKS = YES;
				GCC_WARN_64_TO_32_BIT_CONVERSION = YES;
				GCC_WARN_ABOUT_RETURN_TYPE = YES_ERROR;
				GCC_WARN_UNDECLARED_SELECTOR = YES;
				GCC_WARN_UNINITIALIZED_AUTOS = YES_AGGRESSIVE;
				GCC_WARN_UNUSED_FUNCTION = YES;
				GCC_WARN_UNUSED_VARIABLE = YES;
				IPHONEOS_DEPLOYMENT_TARGET = 9.2;
				MTL_ENABLE_DEBUG_INFO = NO;
				SDKROOT = iphoneos;
				TARGETED_DEVICE_FAMILY = "1,2";
				VALIDATE_PRODUCT = YES;
			};
			name = Release;
		};
		8BDC35801CFAE365007225C9 /* Debug */ = {
			isa = XCBuildConfiguration;
			buildSettings = {
				ASSETCATALOG_COMPILER_APPICON_NAME = AppIcon;
				INFOPLIST_FILE = SafeNavigationBarDemo/Info.plist;
				LD_RUNPATH_SEARCH_PATHS = "$(inherited) @executable_path/Frameworks";
				PRODUCT_BUNDLE_IDENTIFIER = com.c344081.SafeNavigationBarDemo;
				PRODUCT_NAME = "$(TARGET_NAME)";
			};
			name = Debug;
		};
		8BDC35811CFAE365007225C9 /* Release */ = {
			isa = XCBuildConfiguration;
			buildSettings = {
				ASSETCATALOG_COMPILER_APPICON_NAME = AppIcon;
				INFOPLIST_FILE = SafeNavigationBarDemo/Info.plist;
				LD_RUNPATH_SEARCH_PATHS = "$(inherited) @executable_path/Frameworks";
				PRODUCT_BUNDLE_IDENTIFIER = com.c344081.SafeNavigationBarDemo;
				PRODUCT_NAME = "$(TARGET_NAME)";
			};
			name = Release;
		};
		8BDC35831CFAE365007225C9 /* Debug */ = {
			isa = XCBuildConfiguration;
			buildSettings = {
				BUNDLE_LOADER = "$(TEST_HOST)";
				INFOPLIST_FILE = SafeNavigationBarDemoTests/Info.plist;
				LD_RUNPATH_SEARCH_PATHS = "$(inherited) @executable_path/Frameworks @loader_path/Frameworks";
				PRODUCT_BUNDLE_IDENTIFIER = com.c344081.SafeNavigationBarDemoTests;
				PRODUCT_NAME = "$(TARGET_NAME)";
				TEST_HOST = "$(BUILT_PRODUCTS_DIR)/SafeNavigationBarDemo.app/SafeNavigationBarDemo";
			};
			name = Debug;
		};
		8BDC35841CFAE365007225C9 /* Release */ = {
			isa = XCBuildConfiguration;
			buildSettings = {
				BUNDLE_LOADER = "$(TEST_HOST)";
				INFOPLIST_FILE = SafeNavigationBarDemoTests/Info.plist;
				LD_RUNPATH_SEARCH_PATHS = "$(inherited) @executable_path/Frameworks @loader_path/Frameworks";
				PRODUCT_BUNDLE_IDENTIFIER = com.c344081.SafeNavigationBarDemoTests;
				PRODUCT_NAME = "$(TARGET_NAME)";
				TEST_HOST = "$(BUILT_PRODUCTS_DIR)/SafeNavigationBarDemo.app/SafeNavigationBarDemo";
			};
			name = Release;
		};
		8BDC35861CFAE365007225C9 /* Debug */ = {
			isa = XCBuildConfiguration;
			buildSettings = {
				INFOPLIST_FILE = SafeNavigationBarDemoUITests/Info.plist;
				LD_RUNPATH_SEARCH_PATHS = "$(inherited) @executable_path/Frameworks @loader_path/Frameworks";
				PRODUCT_BUNDLE_IDENTIFIER = com.c344081.SafeNavigationBarDemoUITests;
				PRODUCT_NAME = "$(TARGET_NAME)";
				TEST_TARGET_NAME = SafeNavigationBarDemo;
				USES_XCTRUNNER = YES;
			};
			name = Debug;
		};
		8BDC35871CFAE365007225C9 /* Release */ = {
			isa = XCBuildConfiguration;
			buildSettings = {
				INFOPLIST_FILE = SafeNavigationBarDemoUITests/Info.plist;
				LD_RUNPATH_SEARCH_PATHS = "$(inherited) @executable_path/Frameworks @loader_path/Frameworks";
				PRODUCT_BUNDLE_IDENTIFIER = com.c344081.SafeNavigationBarDemoUITests;
				PRODUCT_NAME = "$(TARGET_NAME)";
				TEST_TARGET_NAME = SafeNavigationBarDemo;
				USES_XCTRUNNER = YES;
			};
			name = Release;
		};
/* End XCBuildConfiguration section */

/* Begin XCConfigurationList section */
		8BDC354D1CFAE365007225C9 /* Build configuration list for PBXProject "SafeNavigationBarDemo" */ = {
			isa = XCConfigurationList;
			buildConfigurations = (
				8BDC357D1CFAE365007225C9 /* Debug */,
				8BDC357E1CFAE365007225C9 /* Release */,
			);
			defaultConfigurationIsVisible = 0;
			defaultConfigurationName = Release;
		};
		8BDC357F1CFAE365007225C9 /* Build configuration list for PBXNativeTarget "SafeNavigationBarDemo" */ = {
			isa = XCConfigurationList;
			buildConfigurations = (
				8BDC35801CFAE365007225C9 /* Debug */,
				8BDC35811CFAE365007225C9 /* Release */,
			);
			defaultConfigurationIsVisible = 0;
			defaultConfigurationName = Release;
		};
		8BDC35821CFAE365007225C9 /* Build configuration list for PBXNativeTarget "SafeNavigationBarDemoTests" */ = {
			isa = XCConfigurationList;
			buildConfigurations = (
				8BDC35831CFAE365007225C9 /* Debug */,
				8BDC35841CFAE365007225C9 /* Release */,
			);
			defaultConfigurationIsVisible = 0;
			defaultConfigurationName = Release;
		};
		8BDC35851CFAE365007225C9 /* Build configuration list for PBXNativeTarget "SafeNavigationBarDemoUITests" */ = {
			isa = XCConfigurationList;
			buildConfigurations = (
				8BDC35861CFAE365007225C9 /* Debug */,
				8BDC35871CFAE365007225C9 /* Release */,
			);
			defaultConfigurationIsVisible = 0;
			defaultConfigurationName = Release;
		};
/* End XCConfigurationList section */
	};
	rootObject = 8BDC354A1CFAE365007225C9 /* Project object */;
}
